// !$*UTF8*$!
{
	archiveVersion = 1;
	classes = {
	};
	objectVersion = 56;
	objects = {

/* Begin PBXBuildFile section */
		7DE68DC52BB4CF91006DC2B6 /* fridge_iosApp.swift in Sources */ = {isa = PBXBuildFile; fileRef = 7DE68DC42BB4CF91006DC2B6 /* fridge_iosApp.swift */; };
		7DE68DC72BB4CF91006DC2B6 /* ContentView.swift in Sources */ = {isa = PBXBuildFile; fileRef = 7DE68DC62BB4CF91006DC2B6 /* ContentView.swift */; };
		7DE68DC92BB4CF93006DC2B6 /* Assets.xcassets in Resources */ = {isa = PBXBuildFile; fileRef = 7DE68DC82BB4CF93006DC2B6 /* Assets.xcassets */; };
		7DE68DCC2BB4CF93006DC2B6 /* Preview Assets.xcassets in Resources */ = {isa = PBXBuildFile; fileRef = 7DE68DCB2BB4CF93006DC2B6 /* Preview Assets.xcassets */; };
		7DE68DD32BB61BEF006DC2B6 /* LandingPage.swift in Sources */ = {isa = PBXBuildFile; fileRef = 7DE68DD22BB61BEE006DC2B6 /* LandingPage.swift */; };
		7DE68DD72BB61C4B006DC2B6 /* LogInPage.swift in Sources */ = {isa = PBXBuildFile; fileRef = 7DE68DD62BB61C4B006DC2B6 /* LogInPage.swift */; };
		7DE68DDD2BB62068006DC2B6 /* LogInCreateProfilePage.swift in Sources */ = {isa = PBXBuildFile; fileRef = 7DE68DDC2BB62068006DC2B6 /* LogInCreateProfilePage.swift */; };
		7DE68DDF2BB62072006DC2B6 /* CreateProfilePage.swift in Sources */ = {isa = PBXBuildFile; fileRef = 7DE68DDE2BB62072006DC2B6 /* CreateProfilePage.swift */; };
		7DE68DE12BB620AB006DC2B6 /* FoodStoragesMenuPage.swift in Sources */ = {isa = PBXBuildFile; fileRef = 7DE68DE02BB620AB006DC2B6 /* FoodStoragesMenuPage.swift */; };
		7DE68DE32BB620BB006DC2B6 /* OpenFoodStoragePage.swift in Sources */ = {isa = PBXBuildFile; fileRef = 7DE68DE22BB620BB006DC2B6 /* OpenFoodStoragePage.swift */; };
		7DE68DE52BB620CF006DC2B6 /* CreateFoodStoragePage.swift in Sources */ = {isa = PBXBuildFile; fileRef = 7DE68DE42BB620CF006DC2B6 /* CreateFoodStoragePage.swift */; };
		7DE68DE72BB620DC006DC2B6 /* AddFoodPage.swift in Sources */ = {isa = PBXBuildFile; fileRef = 7DE68DE62BB620DC006DC2B6 /* AddFoodPage.swift */; };
		7DE68DE92BB620E4006DC2B6 /* RemoveFoodPage.swift in Sources */ = {isa = PBXBuildFile; fileRef = 7DE68DE82BB620E4006DC2B6 /* RemoveFoodPage.swift */; };
/* End PBXBuildFile section */

/* Begin PBXFileReference section */
		7DE68DC12BB4CF91006DC2B6 /* fridge-ios.app */ = {isa = PBXFileReference; explicitFileType = wrapper.application; includeInIndex = 0; path = "fridge-ios.app"; sourceTree = BUILT_PRODUCTS_DIR; };
		7DE68DC42BB4CF91006DC2B6 /* fridge_iosApp.swift */ = {isa = PBXFileReference; lastKnownFileType = sourcecode.swift; path = fridge_iosApp.swift; sourceTree = "<group>"; };
		7DE68DC62BB4CF91006DC2B6 /* ContentView.swift */ = {isa = PBXFileReference; lastKnownFileType = sourcecode.swift; path = ContentView.swift; sourceTree = "<group>"; };
		7DE68DC82BB4CF93006DC2B6 /* Assets.xcassets */ = {isa = PBXFileReference; lastKnownFileType = folder.assetcatalog; path = Assets.xcassets; sourceTree = "<group>"; };
		7DE68DCB2BB4CF93006DC2B6 /* Preview Assets.xcassets */ = {isa = PBXFileReference; lastKnownFileType = folder.assetcatalog; path = "Preview Assets.xcassets"; sourceTree = "<group>"; };
		7DE68DD22BB61BEE006DC2B6 /* LandingPage.swift */ = {isa = PBXFileReference; lastKnownFileType = sourcecode.swift; path = LandingPage.swift; sourceTree = "<group>"; };
		7DE68DD62BB61C4B006DC2B6 /* LogInPage.swift */ = {isa = PBXFileReference; lastKnownFileType = sourcecode.swift; path = LogInPage.swift; sourceTree = "<group>"; };
		7DE68DDC2BB62068006DC2B6 /* LogInCreateProfilePage.swift */ = {isa = PBXFileReference; lastKnownFileType = sourcecode.swift; path = LogInCreateProfilePage.swift; sourceTree = "<group>"; };
		7DE68DDE2BB62072006DC2B6 /* CreateProfilePage.swift */ = {isa = PBXFileReference; lastKnownFileType = sourcecode.swift; path = CreateProfilePage.swift; sourceTree = "<group>"; };
		7DE68DE02BB620AB006DC2B6 /* FoodStoragesMenuPage.swift */ = {isa = PBXFileReference; lastKnownFileType = sourcecode.swift; path = FoodStoragesMenuPage.swift; sourceTree = "<group>"; };
		7DE68DE22BB620BB006DC2B6 /* OpenFoodStoragePage.swift */ = {isa = PBXFileReference; lastKnownFileType = sourcecode.swift; path = OpenFoodStoragePage.swift; sourceTree = "<group>"; };
		7DE68DE42BB620CF006DC2B6 /* CreateFoodStoragePage.swift */ = {isa = PBXFileReference; lastKnownFileType = sourcecode.swift; path = CreateFoodStoragePage.swift; sourceTree = "<group>"; };
		7DE68DE62BB620DC006DC2B6 /* AddFoodPage.swift */ = {isa = PBXFileReference; lastKnownFileType = sourcecode.swift; path = AddFoodPage.swift; sourceTree = "<group>"; };
		7DE68DE82BB620E4006DC2B6 /* RemoveFoodPage.swift */ = {isa = PBXFileReference; lastKnownFileType = sourcecode.swift; path = RemoveFoodPage.swift; sourceTree = "<group>"; };
/* End PBXFileReference section */

/* Begin PBXFrameworksBuildPhase section */
		7DE68DBE2BB4CF91006DC2B6 /* Frameworks */ = {
			isa = PBXFrameworksBuildPhase;
			buildActionMask = 2147483647;
			files = (
			);
			runOnlyForDeploymentPostprocessing = 0;
		};
/* End PBXFrameworksBuildPhase section */

/* Begin PBXGroup section */
		7DE68DB82BB4CF91006DC2B6 = {
			isa = PBXGroup;
			children = (
				7DE68DC32BB4CF91006DC2B6 /* fridge-ios */,
				7DE68DC22BB4CF91006DC2B6 /* Products */,
			);
			sourceTree = "<group>";
		};
		7DE68DC22BB4CF91006DC2B6 /* Products */ = {
			isa = PBXGroup;
			children = (
				7DE68DC12BB4CF91006DC2B6 /* fridge-ios.app */,
			);
			name = Products;
			sourceTree = "<group>";
		};
		7DE68DC32BB4CF91006DC2B6 /* fridge-ios */ = {
			isa = PBXGroup;
			children = (
				7DE68DEA2BCDE247006DC2B6 /* App */,
				7DE68DEB2BCDE262006DC2B6 /* Components */,
				7DE68DEC2BCDE278006DC2B6 /* Core */,
				7DE68DE02BB620AB006DC2B6 /* FoodStoragesMenuPage.swift */,
				7DE68DE22BB620BB006DC2B6 /* OpenFoodStoragePage.swift */,
				7DE68DE42BB620CF006DC2B6 /* CreateFoodStoragePage.swift */,
				7DE68DE62BB620DC006DC2B6 /* AddFoodPage.swift */,
				7DE68DE82BB620E4006DC2B6 /* RemoveFoodPage.swift */,
				7DE68DC82BB4CF93006DC2B6 /* Assets.xcassets */,
				7DE68DCA2BB4CF93006DC2B6 /* Preview Content */,
			);
			path = "fridge-ios";
			sourceTree = "<group>";
		};
		7DE68DCA2BB4CF93006DC2B6 /* Preview Content */ = {
			isa = PBXGroup;
			children = (
				7DE68DCB2BB4CF93006DC2B6 /* Preview Assets.xcassets */,
			);
			path = "Preview Content";
			sourceTree = "<group>";
		};
		7DE68DEA2BCDE247006DC2B6 /* App */ = {
			isa = PBXGroup;
			children = (
				7DE68DC42BB4CF91006DC2B6 /* fridge_iosApp.swift */,
			);
			path = App;
			sourceTree = "<group>";
		};
		7DE68DEB2BCDE262006DC2B6 /* Components */ = {
			isa = PBXGroup;
			children = (
			);
			path = Components;
			sourceTree = "<group>";
		};
		7DE68DEC2BCDE278006DC2B6 /* Core */ = {
			isa = PBXGroup;
			children = (
				7DE68DED2BCDE2BC006DC2B6 /* Authentication */,
				7DE68DEE2BCDE2C7006DC2B6 /* Root */,
			);
			path = Core;
			sourceTree = "<group>";
		};
		7DE68DED2BCDE2BC006DC2B6 /* Authentication */ = {
			isa = PBXGroup;
			children = (
				7DE68DDC2BB62068006DC2B6 /* LogInCreateProfilePage.swift */,
				7DE68DD62BB61C4B006DC2B6 /* LogInPage.swift */,
				7DE68DDE2BB62072006DC2B6 /* CreateProfilePage.swift */,
			);
			path = Authentication;
			sourceTree = "<group>";
		};
		7DE68DEE2BCDE2C7006DC2B6 /* Root */ = {
			isa = PBXGroup;
			children = (
				7DE68DD22BB61BEE006DC2B6 /* LandingPage.swift */,
				7DE68DC62BB4CF91006DC2B6 /* ContentView.swift */,
			);
			path = Root;
			sourceTree = "<group>";
		};
/* End PBXGroup section */

/* Begin PBXNativeTarget section */
		7DE68DC02BB4CF91006DC2B6 /* fridge-ios */ = {
			isa = PBXNativeTarget;
			buildConfigurationList = 7DE68DCF2BB4CF93006DC2B6 /* Build configuration list for PBXNativeTarget "fridge-ios" */;
			buildPhases = (
				7DE68DBD2BB4CF91006DC2B6 /* Sources */,
				7DE68DBE2BB4CF91006DC2B6 /* Frameworks */,
				7DE68DBF2BB4CF91006DC2B6 /* Resources */,
			);
			buildRules = (
			);
			dependencies = (
			);
			name = "fridge-ios";
			productName = "fridge-ios";
			productReference = 7DE68DC12BB4CF91006DC2B6 /* fridge-ios.app */;
			productType = "com.apple.product-type.application";
		};
/* End PBXNativeTarget section */

/* Begin PBXProject section */
		7DE68DB92BB4CF91006DC2B6 /* Project object */ = {
			isa = PBXProject;
			attributes = {
				BuildIndependentTargetsInParallel = 1;
				LastSwiftUpdateCheck = 1520;
				LastUpgradeCheck = 1520;
				TargetAttributes = {
					7DE68DC02BB4CF91006DC2B6 = {
						CreatedOnToolsVersion = 15.2;
					};
				};
			};
			buildConfigurationList = 7DE68DBC2BB4CF91006DC2B6 /* Build configuration list for PBXProject "fridge-ios" */;
			compatibilityVersion = "Xcode 14.0";
			developmentRegion = en;
			hasScannedForEncodings = 0;
			knownRegions = (
				en,
				Base,
			);
			mainGroup = 7DE68DB82BB4CF91006DC2B6;
			productRefGroup = 7DE68DC22BB4CF91006DC2B6 /* Products */;
			projectDirPath = "";
			projectRoot = "";
			targets = (
				7DE68DC02BB4CF91006DC2B6 /* fridge-ios */,
			);
		};
/* End PBXProject section */

/* Begin PBXResourcesBuildPhase section */
		7DE68DBF2BB4CF91006DC2B6 /* Resources */ = {
			isa = PBXResourcesBuildPhase;
			buildActionMask = 2147483647;
			files = (
				7DE68DCC2BB4CF93006DC2B6 /* Preview Assets.xcassets in Resources */,
				7DE68DC92BB4CF93006DC2B6 /* Assets.xcassets in Resources */,
			);
			runOnlyForDeploymentPostprocessing = 0;
		};
/* End PBXResourcesBuildPhase section */

/* Begin PBXSourcesBuildPhase section */
		7DE68DBD2BB4CF91006DC2B6 /* Sources */ = {
			isa = PBXSourcesBuildPhase;
			buildActionMask = 2147483647;
			files = (
				7DE68DE72BB620DC006DC2B6 /* AddFoodPage.swift in Sources */,
				7DE68DE32BB620BB006DC2B6 /* OpenFoodStoragePage.swift in Sources */,
				7DE68DE52BB620CF006DC2B6 /* CreateFoodStoragePage.swift in Sources */,
				7DE68DE92BB620E4006DC2B6 /* RemoveFoodPage.swift in Sources */,
				7DE68DDF2BB62072006DC2B6 /* CreateProfilePage.swift in Sources */,
				7DE68DD72BB61C4B006DC2B6 /* LogInPage.swift in Sources */,
				7DE68DC72BB4CF91006DC2B6 /* ContentView.swift in Sources */,
				7DE68DC52BB4CF91006DC2B6 /* fridge_iosApp.swift in Sources */,
				7DE68DD32BB61BEF006DC2B6 /* LandingPage.swift in Sources */,
				7DE68DDD2BB62068006DC2B6 /* LogInCreateProfilePage.swift in Sources */,
				7DE68DE12BB620AB006DC2B6 /* FoodStoragesMenuPage.swift in Sources */,
			);
			runOnlyForDeploymentPostprocessing = 0;
		};
/* End PBXSourcesBuildPhase section */

/* Begin XCBuildConfiguration section */
		7DE68DCD2BB4CF93006DC2B6 /* Debug */ = {
			isa = XCBuildConfiguration;
			buildSettings = {
				ALWAYS_SEARCH_USER_PATHS = NO;
				ASSETCATALOG_COMPILER_GENERATE_SWIFT_ASSET_SYMBOL_EXTENSIONS = YES;
				CLANG_ANALYZER_NONNULL = YES;
				CLANG_ANALYZER_NUMBER_OBJECT_CONVERSION = YES_AGGRESSIVE;
				CLANG_CXX_LANGUAGE_STANDARD = "gnu++20";
				CLANG_ENABLE_MODULES = YES;
				CLANG_ENABLE_OBJC_ARC = YES;
				CLANG_ENABLE_OBJC_WEAK = YES;
				CLANG_WARN_BLOCK_CAPTURE_AUTORELEASING = YES;
				CLANG_WARN_BOOL_CONVERSION = YES;
				CLANG_WARN_COMMA = YES;
				CLANG_WARN_CONSTANT_CONVERSION = YES;
				CLANG_WARN_DEPRECATED_OBJC_IMPLEMENTATIONS = YES;
				CLANG_WARN_DIRECT_OBJC_ISA_USAGE = YES_ERROR;
				CLANG_WARN_DOCUMENTATION_COMMENTS = YES;
				CLANG_WARN_EMPTY_BODY = YES;
				CLANG_WARN_ENUM_CONVERSION = YES;
				CLANG_WARN_INFINITE_RECURSION = YES;
				CLANG_WARN_INT_CONVERSION = YES;
				CLANG_WARN_NON_LITERAL_NULL_CONVERSION = YES;
				CLANG_WARN_OBJC_IMPLICIT_RETAIN_SELF = YES;
				CLANG_WARN_OBJC_LITERAL_CONVERSION = YES;
				CLANG_WARN_OBJC_ROOT_CLASS = YES_ERROR;
				CLANG_WARN_QUOTED_INCLUDE_IN_FRAMEWORK_HEADER = YES;
				CLANG_WARN_RANGE_LOOP_ANALYSIS = YES;
				CLANG_WARN_STRICT_PROTOTYPES = YES;
				CLANG_WARN_SUSPICIOUS_MOVE = YES;
				CLANG_WARN_UNGUARDED_AVAILABILITY = YES_AGGRESSIVE;
				CLANG_WARN_UNREACHABLE_CODE = YES;
				CLANG_WARN__DUPLICATE_METHOD_MATCH = YES;
				COPY_PHASE_STRIP = NO;
				DEBUG_INFORMATION_FORMAT = dwarf;
				ENABLE_STRICT_OBJC_MSGSEND = YES;
				ENABLE_TESTABILITY = YES;
				ENABLE_USER_SCRIPT_SANDBOXING = YES;
				GCC_C_LANGUAGE_STANDARD = gnu17;
				GCC_DYNAMIC_NO_PIC = NO;
				GCC_NO_COMMON_BLOCKS = YES;
				GCC_OPTIMIZATION_LEVEL = 0;
				GCC_PREPROCESSOR_DEFINITIONS = (
					"DEBUG=1",
					"$(inherited)",
				);
				GCC_WARN_64_TO_32_BIT_CONVERSION = YES;
				GCC_WARN_ABOUT_RETURN_TYPE = YES_ERROR;
				GCC_WARN_UNDECLARED_SELECTOR = YES;
				GCC_WARN_UNINITIALIZED_AUTOS = YES_AGGRESSIVE;
				GCC_WARN_UNUSED_FUNCTION = YES;
				GCC_WARN_UNUSED_VARIABLE = YES;
				IPHONEOS_DEPLOYMENT_TARGET = 17.2;
				LOCALIZATION_PREFERS_STRING_CATALOGS = YES;
				MTL_ENABLE_DEBUG_INFO = INCLUDE_SOURCE;
				MTL_FAST_MATH = YES;
				ONLY_ACTIVE_ARCH = YES;
				SDKROOT = iphoneos;
				SWIFT_ACTIVE_COMPILATION_CONDITIONS = "DEBUG $(inherited)";
				SWIFT_OPTIMIZATION_LEVEL = "-Onone";
			};
			name = Debug;
		};
		7DE68DCE2BB4CF93006DC2B6 /* Release */ = {
			isa = XCBuildConfiguration;
			buildSettings = {
				ALWAYS_SEARCH_USER_PATHS = NO;
				ASSETCATALOG_COMPILER_GENERATE_SWIFT_ASSET_SYMBOL_EXTENSIONS = YES;
				CLANG_ANALYZER_NONNULL = YES;
				CLANG_ANALYZER_NUMBER_OBJECT_CONVERSION = YES_AGGRESSIVE;
				CLANG_CXX_LANGUAGE_STANDARD = "gnu++20";
				CLANG_ENABLE_MODULES = YES;
				CLANG_ENABLE_OBJC_ARC = YES;
				CLANG_ENABLE_OBJC_WEAK = YES;
				CLANG_WARN_BLOCK_CAPTURE_AUTORELEASING = YES;
				CLANG_WARN_BOOL_CONVERSION = YES;
				CLANG_WARN_COMMA = YES;
				CLANG_WARN_CONSTANT_CONVERSION = YES;
				CLANG_WARN_DEPRECATED_OBJC_IMPLEMENTATIONS = YES;
				CLANG_WARN_DIRECT_OBJC_ISA_USAGE = YES_ERROR;
				CLANG_WARN_DOCUMENTATION_COMMENTS = YES;
				CLANG_WARN_EMPTY_BODY = YES;
				CLANG_WARN_ENUM_CONVERSION = YES;
				CLANG_WARN_INFINITE_RECURSION = YES;
				CLANG_WARN_INT_CONVERSION = YES;
				CLANG_WARN_NON_LITERAL_NULL_CONVERSION = YES;
				CLANG_WARN_OBJC_IMPLICIT_RETAIN_SELF = YES;
				CLANG_WARN_OBJC_LITERAL_CONVERSION = YES;
				CLANG_WARN_OBJC_ROOT_CLASS = YES_ERROR;
				CLANG_WARN_QUOTED_INCLUDE_IN_FRAMEWORK_HEADER = YES;
				CLANG_WARN_RANGE_LOOP_ANALYSIS = YES;
				CLANG_WARN_STRICT_PROTOTYPES = YES;
				CLANG_WARN_SUSPICIOUS_MOVE = YES;
				CLANG_WARN_UNGUARDED_AVAILABILITY = YES_AGGRESSIVE;
				CLANG_WARN_UNREACHABLE_CODE = YES;
				CLANG_WARN__DUPLICATE_METHOD_MATCH = YES;
				COPY_PHASE_STRIP = NO;
				DEBUG_INFORMATION_FORMAT = "dwarf-with-dsym";
				ENABLE_NS_ASSERTIONS = NO;
				ENABLE_STRICT_OBJC_MSGSEND = YES;
				ENABLE_USER_SCRIPT_SANDBOXING = YES;
				GCC_C_LANGUAGE_STANDARD = gnu17;
				GCC_NO_COMMON_BLOCKS = YES;
				GCC_WARN_64_TO_32_BIT_CONVERSION = YES;
				GCC_WARN_ABOUT_RETURN_TYPE = YES_ERROR;
				GCC_WARN_UNDECLARED_SELECTOR = YES;
				GCC_WARN_UNINITIALIZED_AUTOS = YES_AGGRESSIVE;
				GCC_WARN_UNUSED_FUNCTION = YES;
				GCC_WARN_UNUSED_VARIABLE = YES;
				IPHONEOS_DEPLOYMENT_TARGET = 17.2;
				LOCALIZATION_PREFERS_STRING_CATALOGS = YES;
				MTL_ENABLE_DEBUG_INFO = NO;
				MTL_FAST_MATH = YES;
				SDKROOT = iphoneos;
				SWIFT_COMPILATION_MODE = wholemodule;
				VALIDATE_PRODUCT = YES;
			};
			name = Release;
		};
		7DE68DD02BB4CF93006DC2B6 /* Debug */ = {
			isa = XCBuildConfiguration;
			buildSettings = {
				ASSETCATALOG_COMPILER_APPICON_NAME = AppIcon;
				ASSETCATALOG_COMPILER_GLOBAL_ACCENT_COLOR_NAME = AccentColor;
				CODE_SIGN_STYLE = Automatic;
				CURRENT_PROJECT_VERSION = 1;
				DEVELOPMENT_ASSET_PATHS = "\"fridge-ios/Preview Content\"";
				DEVELOPMENT_TEAM = ALDHAS9G3V;
				ENABLE_PREVIEWS = YES;
				GENERATE_INFOPLIST_FILE = YES;
				INFOPLIST_KEY_UIApplicationSceneManifest_Generation = YES;
				INFOPLIST_KEY_UIApplicationSupportsIndirectInputEvents = YES;
				INFOPLIST_KEY_UILaunchScreen_Generation = YES;
				INFOPLIST_KEY_UISupportedInterfaceOrientations_iPad = "UIInterfaceOrientationPortrait UIInterfaceOrientationPortraitUpsideDown UIInterfaceOrientationLandscapeLeft UIInterfaceOrientationLandscapeRight";
				INFOPLIST_KEY_UISupportedInterfaceOrientations_iPhone = "UIInterfaceOrientationPortrait UIInterfaceOrientationLandscapeLeft UIInterfaceOrientationLandscapeRight";
				LD_RUNPATH_SEARCH_PATHS = (
					"$(inherited)",
					"@executable_path/Frameworks",
				);
				MARKETING_VERSION = 1.0;
				PRODUCT_BUNDLE_IDENTIFIER = "com.leezahuor.fridge-ios";
				PRODUCT_NAME = "$(TARGET_NAME)";
				SWIFT_EMIT_LOC_STRINGS = YES;
				SWIFT_VERSION = 5.0;
				TARGETED_DEVICE_FAMILY = "1,2";
			};
			name = Debug;
		};
		7DE68DD12BB4CF93006DC2B6 /* Release */ = {
			isa = XCBuildConfiguration;
			buildSettings = {
				ASSETCATALOG_COMPILER_APPICON_NAME = AppIcon;
				ASSETCATALOG_COMPILER_GLOBAL_ACCENT_COLOR_NAME = AccentColor;
				CODE_SIGN_STYLE = Automatic;
				CURRENT_PROJECT_VERSION = 1;
				DEVELOPMENT_ASSET_PATHS = "\"fridge-ios/Preview Content\"";
				DEVELOPMENT_TEAM = ALDHAS9G3V;
				ENABLE_PREVIEWS = YES;
				GENERATE_INFOPLIST_FILE = YES;
				INFOPLIST_KEY_UIApplicationSceneManifest_Generation = YES;
				INFOPLIST_KEY_UIApplicationSupportsIndirectInputEvents = YES;
				INFOPLIST_KEY_UILaunchScreen_Generation = YES;
				INFOPLIST_KEY_UISupportedInterfaceOrientations_iPad = "UIInterfaceOrientationPortrait UIInterfaceOrientationPortraitUpsideDown UIInterfaceOrientationLandscapeLeft UIInterfaceOrientationLandscapeRight";
				INFOPLIST_KEY_UISupportedInterfaceOrientations_iPhone = "UIInterfaceOrientationPortrait UIInterfaceOrientationLandscapeLeft UIInterfaceOrientationLandscapeRight";
				LD_RUNPATH_SEARCH_PATHS = (
					"$(inherited)",
					"@executable_path/Frameworks",
				);
				MARKETING_VERSION = 1.0;
				PRODUCT_BUNDLE_IDENTIFIER = "com.leezahuor.fridge-ios";
				PRODUCT_NAME = "$(TARGET_NAME)";
				SWIFT_EMIT_LOC_STRINGS = YES;
				SWIFT_VERSION = 5.0;
				TARGETED_DEVICE_FAMILY = "1,2";
			};
			name = Release;
		};
/* End XCBuildConfiguration section */

/* Begin XCConfigurationList section */
		7DE68DBC2BB4CF91006DC2B6 /* Build configuration list for PBXProject "fridge-ios" */ = {
			isa = XCConfigurationList;
			buildConfigurations = (
				7DE68DCD2BB4CF93006DC2B6 /* Debug */,
				7DE68DCE2BB4CF93006DC2B6 /* Release */,
			);
			defaultConfigurationIsVisible = 0;
			defaultConfigurationName = Release;
		};
		7DE68DCF2BB4CF93006DC2B6 /* Build configuration list for PBXNativeTarget "fridge-ios" */ = {
			isa = XCConfigurationList;
			buildConfigurations = (
				7DE68DD02BB4CF93006DC2B6 /* Debug */,
				7DE68DD12BB4CF93006DC2B6 /* Release */,
			);
			defaultConfigurationIsVisible = 0;
			defaultConfigurationName = Release;
		};
/* End XCConfigurationList section */
	};
	rootObject = 7DE68DB92BB4CF91006DC2B6 /* Project object */;
}
